<Solution>
  <Project Path="SecretSanta.ApiService/SecretSanta.ApiService.csproj" />
  <Project Path="SecretSanta.ApiService.Tests/SecretSanta.ApiService.Tests.csproj" />
  <Project Path="SecretSanta.AppHost/SecretSanta.AppHost.csproj" />
  <Project Path="SecretSanta.ServiceDefaults/SecretSanta.ServiceDefaults.csproj" />
  <Project Path="SecretSanta.Web/SecretSanta.Web.csproj" />
</Solution>
